
Microsoft Visual Studio Solution File, Format Version 12.00
# Visual Studio Version 16
VisualStudioVersion = 16.0.30804.86
MinimumVisualStudioVersion = 10.0.40219.1
Project("{FAE04EC0-301F-11D3-BF4B-00C04F79EFBC}") = "كلاس ينشئ مجلد تعليم", "كلاس ينشئ مجلد تعليم.csproj", "{EB7487B8-1CC2-4D79-9267-9A420D9ABD8F}"
EndProject
Global
	GlobalSection(SolutionConfigurationPlatforms) = preSolution
		Debug|Any CPU = Debug|Any CPU
		Release|Any CPU = Release|Any CPU
	EndGlobalSection
	GlobalSection(ProjectConfigurationPlatforms) = postSolution
		{EB7487B8-1CC2-4D79-9267-9A420D9ABD8F}.Debug|Any CPU.ActiveCfg = Debug|Any CPU
		{EB7487B8-1CC2-4D79-9267-9A420D9ABD8F}.Debug|Any CPU.Build.0 = Debug|Any CPU
		{EB7487B8-1CC2-4D79-9267-9A420D9ABD8F}.Release|Any CPU.ActiveCfg = Release|Any CPU
		{EB7487B8-1CC2-4D79-9267-9A420D9ABD8F}.Release|Any CPU.Build.0 = Release|Any CPU
	EndGlobalSection
	GlobalSection(SolutionProperties) = preSolution
		HideSolutionNode = FALSE
	EndGlobalSection
	GlobalSection(ExtensibilityGlobals) = postSolution
		SolutionGuid = {4CF2284D-73E6-4893-B394-80DFDA73D8BF}
	EndGlobalSection
EndGlobal
