
Microsoft Visual Studio Solution File, Format Version 12.00
# Visual Studio Version 16
VisualStudioVersion = 16.0.30804.86
MinimumVisualStudioVersion = 10.0.40219.1
Project("{FAE04EC0-301F-11D3-BF4B-00C04F79EFBC}") = "power", "power.csproj", "{DBDB6A39-D992-4F5F-8274-62B20C75F326}"
EndProject
Global
	GlobalSection(SolutionConfigurationPlatforms) = preSolution
		Debug|Any CPU = Debug|Any CPU
		Release|Any CPU = Release|Any CPU
	EndGlobalSection
	GlobalSection(ProjectConfigurationPlatforms) = postSolution
		{DBDB6A39-D992-4F5F-8274-62B20C75F326}.Debug|Any CPU.ActiveCfg = Debug|Any CPU
		{DBDB6A39-D992-4F5F-8274-62B20C75F326}.Debug|Any CPU.Build.0 = Debug|Any CPU
		{DBDB6A39-D992-4F5F-8274-62B20C75F326}.Release|Any CPU.ActiveCfg = Release|Any CPU
		{DBDB6A39-D992-4F5F-8274-62B20C75F326}.Release|Any CPU.Build.0 = Release|Any CPU
	EndGlobalSection
	GlobalSection(SolutionProperties) = preSolution
		HideSolutionNode = FALSE
	EndGlobalSection
	GlobalSection(ExtensibilityGlobals) = postSolution
		SolutionGuid = {B4099092-8AE0-42E2-AFFE-FDFE5D91E660}
	EndGlobalSection
EndGlobal
